
Microsoft Visual Studio Solution File, Format Version 12.00
# Visual Studio Version 17
VisualStudioVersion = 17.11.35303.130
MinimumVisualStudioVersion = 10.0.40219.1
Project("{8BC9CEB8-8B4A-11D0-8D11-00A0C91BC942}") = "test_3_3", "test_3_3\test_3_3.vcxproj", "{B4482435-76EA-4347-89C7-5F7977278E3A}"
EndProject
Global
	GlobalSection(SolutionConfigurationPlatforms) = preSolution
		Debug|x64 = Debug|x64
		Debug|x86 = Debug|x86
		Release|x64 = Release|x64
		Release|x86 = Release|x86
	EndGlobalSection
	GlobalSection(ProjectConfigurationPlatforms) = postSolution
		{B4482435-76EA-4347-89C7-5F7977278E3A}.Debug|x64.ActiveCfg = Debug|x64
		{B4482435-76EA-4347-89C7-5F7977278E3A}.Debug|x64.Build.0 = Debug|x64
		{B4482435-76EA-4347-89C7-5F7977278E3A}.Debug|x86.ActiveCfg = Debug|Win32
		{B4482435-76EA-4347-89C7-5F7977278E3A}.Debug|x86.Build.0 = Debug|Win32
		{B4482435-76EA-4347-89C7-5F7977278E3A}.Release|x64.ActiveCfg = Release|x64
		{B4482435-76EA-4347-89C7-5F7977278E3A}.Release|x64.Build.0 = Release|x64
		{B4482435-76EA-4347-89C7-5F7977278E3A}.Release|x86.ActiveCfg = Release|Win32
		{B4482435-76EA-4347-89C7-5F7977278E3A}.Release|x86.Build.0 = Release|Win32
	EndGlobalSection
	GlobalSection(SolutionProperties) = preSolution
		HideSolutionNode = FALSE
	EndGlobalSection
	GlobalSection(ExtensibilityGlobals) = postSolution
		SolutionGuid = {D6D8C50F-5F8D-4C1F-B4D4-029F52B2357A}
	EndGlobalSection
EndGlobal
